
Microsoft Visual Studio Solution File, Format Version 12.00
# Visual Studio 15
VisualStudioVersion = 15.0.28307.2092
MinimumVisualStudioVersion = 10.0.40219.1
Project("{FAE04EC0-301F-11D3-BF4B-00C04F79EFBC}") = "NUnitTestProject1", "NUnitTestProject1\NUnitTestProject1.csproj", "{A22B4A75-16F3-4802-8312-B1C91C480D72}"
EndProject
Global
	GlobalSection(SolutionConfigurationPlatforms) = preSolution
		Debug|Any CPU = Debug|Any CPU
		Release|Any CPU = Release|Any CPU
	EndGlobalSection
	GlobalSection(ProjectConfigurationPlatforms) = postSolution
		{A22B4A75-16F3-4802-8312-B1C91C480D72}.Debug|Any CPU.ActiveCfg = Debug|Any CPU
		{A22B4A75-16F3-4802-8312-B1C91C480D72}.Debug|Any CPU.Build.0 = Debug|Any CPU
		{A22B4A75-16F3-4802-8312-B1C91C480D72}.Release|Any CPU.ActiveCfg = Release|Any CPU
		{A22B4A75-16F3-4802-8312-B1C91C480D72}.Release|Any CPU.Build.0 = Release|Any CPU
	EndGlobalSection
	GlobalSection(SolutionProperties) = preSolution
		HideSolutionNode = FALSE
	EndGlobalSection
	GlobalSection(ExtensibilityGlobals) = postSolution
		SolutionGuid = {FFFDA3FD-6E8E-4804-ADB4-49692C1BA815}
	EndGlobalSection
EndGlobal
